<?xml version="1.0" encoding="utf-8"?>
<Project ToolsVersion="4.0" xmlns="http://schemas.microsoft.com/developer/msbuild/2003">
  <ItemGroup>
    <ClInclude Include="NetCruncher.h" />
    <ClInclude Include="Package.h" />
    <ClInclude Include="PackageHeader.h" />
    <ClInclude Include="PackBase.h" />
    <ClInclude Include="PackTypes.h" />
    <ClInclude Include="Packs\IntPack.h">
      <Filter>Packs</Filter>
    </ClInclude>
    <ClInclude Include="Packs\FloatPack.h">
      <Filter>Packs</Filter>
    </ClInclude>
    <ClInclude Include="Restore.h" />
    <ClInclude Include="Endianness.h" />
  </ItemGroup>
  <ItemGroup>
    <Filter Include="Packs">
      <UniqueIdentifier>{093e6da6-7c5c-4a38-a09c-ab3812119940}</UniqueIdentifier>
    </Filter>
  </ItemGroup>
  <ItemGroup>
    <ClCompile Include="Main.cpp" />
  </ItemGroup>
</Project>